{
  "name": "country-rankinator-user-guide",
  "version": "1.0.0",
  "lockfileVersion": 1,
  "requires": true,
  "dependencies": {
    "@types/node": {
      "version": "10.12.0",
      "resolved": "https://registry.npmjs.org/@types/node/-/node-10.12.0.tgz",
      "integrity": "sha512-3TUHC3jsBAB7qVRGxT6lWyYo2v96BMmD2PTcl47H25Lu7UXtFH/2qqmKiVrnel6Ne//0TFYf6uvNX+HW2FRkLQ=="
    },
    "@types/semver": {
      "version": "5.5.0",
      "resolved": "https://registry.npmjs.org/@types/semver/-/semver-5.5.0.tgz",
      "integrity": "sha512-41qEJgBH/TWgo5NFSvBCJ1qkoi3Q6ONSF2avrHq1LVEZfYpdHmj0y9SuTK+u9ZhG1sYQKBL1AWXKyLWP4RaUoQ=="
    },
    "abbrev": {
      "version": "1.1.1",
      "resolved": "https://registry.npmjs.org/abbrev/-/abbrev-1.1.1.tgz",
      "integrity": "sha512-nne9/IiQ/hzIhY6pdDnbBtz7DjPTKrY00P/zvPSm5pOFkl6xuGrGnXn/VtTNNfNtAfZ9/1RtehkszU9qcTii0Q=="
    },
    "balanced-match": {
      "version": "1.0.0",
      "resolved": "https://registry.npmjs.org/balanced-match/-/balanced-match-1.0.0.tgz",
      "integrity": "sha1-ibTRmasr7kneFk6gK4nORi1xt2c="
    },
    "brace-expansion": {
      "version": "1.1.11",
      "resolved": "https://registry.npmjs.org/brace-expansion/-/brace-expansion-1.1.11.tgz",
      "integrity": "sha512-iCuPHDFgrHX7H2vEI/5xpz07zSHB00TpugqhmYtVmMO6518mCuRMoOYFldEBl0g187ufozdaHgWKcYFb61qGiA==",
      "requires": {
        "balanced-match": "^1.0.0",
        "concat-map": "0.0.1"
      }
    },
    "commander": {
      "version": "2.19.0",
      "resolved": "https://registry.npmjs.org/commander/-/commander-2.19.0.tgz",
      "integrity": "sha512-6tvAOO+D6OENvRAh524Dh9jcfKTYDQAqvqezbCW82xj5X0pSrcpxtvRKHLG0yBY6SD7PSDrJaj+0AiOcKVd1Xg=="
    },
    "compass-vertical-rhythm": {
      "version": "1.4.5",
      "resolved": "https://registry.npmjs.org/compass-vertical-rhythm/-/compass-vertical-rhythm-1.4.5.tgz",
      "integrity": "sha512-bJo3IYX7xmmZCDYjrT2XolaiNjGZ4E2JvUGxpdU0ecbH4ZLK786wvc8aHKVrGrKct9JlkmJbUi8YLrQWvOc+uA==",
      "requires": {
        "convert-css-length": "^1.0.1",
        "object-assign": "^4.1.0",
        "parse-unit": "^1.0.1"
      }
    },
    "concat-map": {
      "version": "0.0.1",
      "resolved": "https://registry.npmjs.org/concat-map/-/concat-map-0.0.1.tgz",
      "integrity": "sha1-2Klr13/Wjfd5OnMDajug1UBdR3s="
    },
    "condense-newlines": {
      "version": "0.2.1",
      "resolved": "https://registry.npmjs.org/condense-newlines/-/condense-newlines-0.2.1.tgz",
      "integrity": "sha1-PemFVTE5R10yUCyDsC9gaE0kxV8=",
      "requires": {
        "extend-shallow": "^2.0.1",
        "is-whitespace": "^0.3.0",
        "kind-of": "^3.0.2"
      }
    },
    "config-chain": {
      "version": "1.1.12",
      "resolved": "https://registry.npmjs.org/config-chain/-/config-chain-1.1.12.tgz",
      "integrity": "sha512-a1eOIcu8+7lUInge4Rpf/n4Krkf3Dd9lqhljRzII1/Zno/kRtUWnznPO3jOKBmTEktkt3fkxisUcivoj0ebzoA==",
      "requires": {
        "ini": "^1.3.4",
        "proto-list": "~1.2.1"
      }
    },
    "console-polyfill": {
      "version": "0.1.2",
      "resolved": "https://registry.npmjs.org/console-polyfill/-/console-polyfill-0.1.2.tgz",
      "integrity": "sha1-ls/tUcr3gYn2mVcubxgnHcN8DjA="
    },
    "convert-css-length": {
      "version": "1.0.2",
      "resolved": "https://registry.npmjs.org/convert-css-length/-/convert-css-length-1.0.2.tgz",
      "integrity": "sha512-ecV7j3hXyXN1X2XfJBzhMR0o1Obv0v3nHmn0UiS3ACENrzbxE/EknkiunS/fCwQva0U62X1GChi8GaPh4oTlLg==",
      "requires": {
        "console-polyfill": "^0.1.2",
        "parse-unit": "^1.0.1"
      }
    },
    "decamelize": {
      "version": "1.2.0",
      "resolved": "https://registry.npmjs.org/decamelize/-/decamelize-1.2.0.tgz",
      "integrity": "sha1-9lNNFRSCabIDUue+4m9QH5oZEpA="
    },
    "editorconfig": {
      "version": "0.15.2",
      "resolved": "https://registry.npmjs.org/editorconfig/-/editorconfig-0.15.2.tgz",
      "integrity": "sha512-GWjSI19PVJAM9IZRGOS+YKI8LN+/sjkSjNyvxL5ucqP9/IqtYNXBaQ/6c/hkPNYQHyOHra2KoXZI/JVpuqwmcQ==",
      "requires": {
        "@types/node": "^10.11.7",
        "@types/semver": "^5.5.0",
        "commander": "^2.19.0",
        "lru-cache": "^4.1.3",
        "semver": "^5.6.0",
        "sigmund": "^1.0.1"
      }
    },
    "extend-shallow": {
      "version": "2.0.1",
      "resolved": "https://registry.npmjs.org/extend-shallow/-/extend-shallow-2.0.1.tgz",
      "integrity": "sha1-Ua99YUrZqfYQ6huvu5idaxxWiQ8=",
      "requires": {
        "is-extendable": "^0.1.0"
      }
    },
    "fs-extra": {
      "version": "7.0.0",
      "resolved": "https://registry.npmjs.org/fs-extra/-/fs-extra-7.0.0.tgz",
      "integrity": "sha512-EglNDLRpmaTWiD/qraZn6HREAEAHJcJOmxNEYwq6xeMKnVMAy3GUcFB+wXt2C6k4CNvB/mP1y/U3dzvKKj5OtQ==",
      "requires": {
        "graceful-fs": "^4.1.2",
        "jsonfile": "^4.0.0",
        "universalify": "^0.1.0"
      }
    },
    "fs.realpath": {
      "version": "1.0.0",
      "resolved": "https://registry.npmjs.org/fs.realpath/-/fs.realpath-1.0.0.tgz",
      "integrity": "sha1-FQStJSMVjKpA20onh8sBQRmU6k8="
    },
    "glob": {
      "version": "7.1.3",
      "resolved": "https://registry.npmjs.org/glob/-/glob-7.1.3.tgz",
      "integrity": "sha512-vcfuiIxogLV4DlGBHIUOwI0IbrJ8HWPc4MU7HzviGeNho/UJDfi6B5p3sHeWIQ0KGIU0Jpxi5ZHxemQfLkkAwQ==",
      "requires": {
        "fs.realpath": "^1.0.0",
        "inflight": "^1.0.4",
        "inherits": "2",
        "minimatch": "^3.0.4",
        "once": "^1.3.0",
        "path-is-absolute": "^1.0.0"
      }
    },
    "graceful-fs": {
      "version": "4.1.11",
      "resolved": "https://registry.npmjs.org/graceful-fs/-/graceful-fs-4.1.11.tgz",
      "integrity": "sha1-Dovf5NHduIVNZOBOp8AOKgJuVlg="
    },
    "gray-percentage": {
      "version": "2.0.0",
      "resolved": "https://registry.npmjs.org/gray-percentage/-/gray-percentage-2.0.0.tgz",
      "integrity": "sha1-tyonTRsTeRBKAFC2OyB9xT/lb5k="
    },
    "inflight": {
      "version": "1.0.6",
      "resolved": "https://registry.npmjs.org/inflight/-/inflight-1.0.6.tgz",
      "integrity": "sha1-Sb1jMdfQLQwJvJEKEHW6gWW1bfk=",
      "requires": {
        "once": "^1.3.0",
        "wrappy": "1"
      }
    },
    "inherits": {
      "version": "2.0.3",
      "resolved": "https://registry.npmjs.org/inherits/-/inherits-2.0.3.tgz",
      "integrity": "sha1-Yzwsg+PaQqUC9SRmAiSA9CCCYd4="
    },
    "ini": {
      "version": "1.3.5",
      "resolved": "https://registry.npmjs.org/ini/-/ini-1.3.5.tgz",
      "integrity": "sha512-RZY5huIKCMRWDUqZlEi72f/lmXKMvuszcMBduliQ3nnWbx9X/ZBQO7DijMEYS9EhHBb2qacRUMtC7svLwe0lcw=="
    },
    "is-buffer": {
      "version": "1.1.6",
      "resolved": "https://registry.npmjs.org/is-buffer/-/is-buffer-1.1.6.tgz",
      "integrity": "sha512-NcdALwpXkTm5Zvvbk7owOUSvVvBKDgKP5/ewfXEznmQFfs4ZRmanOeKBTjRVjka3QFoN6XJ+9F3USqfHqTaU5w=="
    },
    "is-extendable": {
      "version": "0.1.1",
      "resolved": "https://registry.npmjs.org/is-extendable/-/is-extendable-0.1.1.tgz",
      "integrity": "sha1-YrEQ4omkcUGOPsNqYX1HLjAd/Ik="
    },
    "is-whitespace": {
      "version": "0.3.0",
      "resolved": "https://registry.npmjs.org/is-whitespace/-/is-whitespace-0.3.0.tgz",
      "integrity": "sha1-Fjnssb4DauxppUy7QBz77XEUq38="
    },
    "js-beautify": {
      "version": "1.8.8",
      "resolved": "https://registry.npmjs.org/js-beautify/-/js-beautify-1.8.8.tgz",
      "integrity": "sha512-qVNq7ZZ7ZbLdzorvSlRDadS0Rh5oyItaE95v6I4wbbuSiijxn7SnnsV6dvKlcXuO2jX7lK8tn9fBulx34K/Ejg==",
      "requires": {
        "config-chain": "~1.1.5",
        "editorconfig": "^0.15.0",
        "mkdirp": "~0.5.0",
        "nopt": "~4.0.1"
      }
    },
    "jsonfile": {
      "version": "4.0.0",
      "resolved": "https://registry.npmjs.org/jsonfile/-/jsonfile-4.0.0.tgz",
      "integrity": "sha1-h3Gq4HmbZAdrdmQPygWPnBDjPss=",
      "requires": {
        "graceful-fs": "^4.1.6"
      }
    },
    "kind-of": {
      "version": "3.2.2",
      "resolved": "https://registry.npmjs.org/kind-of/-/kind-of-3.2.2.tgz",
      "integrity": "sha1-MeohpzS6ubuw8yRm2JOupR5KPGQ=",
      "requires": {
        "is-buffer": "^1.1.5"
      }
    },
    "lodash": {
      "version": "4.17.11",
      "resolved": "https://registry.npmjs.org/lodash/-/lodash-4.17.11.tgz",
      "integrity": "sha512-cQKh8igo5QUhZ7lg38DYWAxMvjSAKG0A8wGSVimP07SIUEK2UO+arSRKbRZWtelMtN5V0Hkwh5ryOto/SshYIg=="
    },
    "lodash.isnumber": {
      "version": "3.0.3",
      "resolved": "https://registry.npmjs.org/lodash.isnumber/-/lodash.isnumber-3.0.3.tgz",
      "integrity": "sha1-POdoEMWSjQM1IwGsKHMX8RwLH/w="
    },
    "lru-cache": {
      "version": "4.1.3",
      "resolved": "https://registry.npmjs.org/lru-cache/-/lru-cache-4.1.3.tgz",
      "integrity": "sha512-fFEhvcgzuIoJVUF8fYr5KR0YqxD238zgObTps31YdADwPPAp82a4M8TrckkWyx7ekNlf9aBcVn81cFwwXngrJA==",
      "requires": {
        "pseudomap": "^1.0.2",
        "yallist": "^2.1.2"
      }
    },
    "marked": {
      "version": "0.5.1",
      "resolved": "https://registry.npmjs.org/marked/-/marked-0.5.1.tgz",
      "integrity": "sha512-iUkBZegCZou4AdwbKTwSW/lNDcz5OuRSl3qdcl31Ia0B2QPG0Jn+tKblh/9/eP9/6+4h27vpoh8wel/vQOV0vw=="
    },
    "minimatch": {
      "version": "3.0.4",
      "resolved": "https://registry.npmjs.org/minimatch/-/minimatch-3.0.4.tgz",
      "integrity": "sha512-yJHVQEhyqPLUTgt9B83PXu6W3rx4MvvHvSUvToogpwoGDOUQ+yDrR0HRot+yOCdCO7u4hX3pWft6kWBBcqh0UA==",
      "requires": {
        "brace-expansion": "^1.1.7"
      }
    },
    "minimist": {
      "version": "0.0.8",
      "resolved": "http://registry.npmjs.org/minimist/-/minimist-0.0.8.tgz",
      "integrity": "sha1-hX/Kv8M5fSYluCKCYuhqp6ARsF0="
    },
    "mkdirp": {
      "version": "0.5.1",
      "resolved": "http://registry.npmjs.org/mkdirp/-/mkdirp-0.5.1.tgz",
      "integrity": "sha1-MAV0OOrGz3+MR2fzhkjWaX11yQM=",
      "requires": {
        "minimist": "0.0.8"
      }
    },
    "modularscale": {
      "version": "1.0.2",
      "resolved": "https://registry.npmjs.org/modularscale/-/modularscale-1.0.2.tgz",
      "integrity": "sha1-So8TrzKl5SFPxuLPxSkGSr/X2Hc=",
      "requires": {
        "lodash.isnumber": "^3.0.0"
      }
    },
    "nopt": {
      "version": "4.0.1",
      "resolved": "https://registry.npmjs.org/nopt/-/nopt-4.0.1.tgz",
      "integrity": "sha1-0NRoWv1UFRk8jHUFYC0NF81kR00=",
      "requires": {
        "abbrev": "1",
        "osenv": "^0.1.4"
      }
    },
    "object-assign": {
      "version": "4.1.1",
      "resolved": "https://registry.npmjs.org/object-assign/-/object-assign-4.1.1.tgz",
      "integrity": "sha1-IQmtx5ZYh8/AXLvUQsrIv7s2CGM="
    },
    "once": {
      "version": "1.4.0",
      "resolved": "https://registry.npmjs.org/once/-/once-1.4.0.tgz",
      "integrity": "sha1-WDsap3WWHUsROsF9nFC6753Xa9E=",
      "requires": {
        "wrappy": "1"
      }
    },
    "os-homedir": {
      "version": "1.0.2",
      "resolved": "https://registry.npmjs.org/os-homedir/-/os-homedir-1.0.2.tgz",
      "integrity": "sha1-/7xJiDNuDoM94MFox+8VISGqf7M="
    },
    "os-tmpdir": {
      "version": "1.0.2",
      "resolved": "https://registry.npmjs.org/os-tmpdir/-/os-tmpdir-1.0.2.tgz",
      "integrity": "sha1-u+Z0BseaqFxc/sdm/lc0VV36EnQ="
    },
    "osenv": {
      "version": "0.1.5",
      "resolved": "https://registry.npmjs.org/osenv/-/osenv-0.1.5.tgz",
      "integrity": "sha512-0CWcCECdMVc2Rw3U5w9ZjqX6ga6ubk1xDVKxtBQPK7wis/0F2r9T6k4ydGYhecl7YUBxBVxhL5oisPsNxAPe2g==",
      "requires": {
        "os-homedir": "^1.0.0",
        "os-tmpdir": "^1.0.0"
      }
    },
    "parse-unit": {
      "version": "1.0.1",
      "resolved": "https://registry.npmjs.org/parse-unit/-/parse-unit-1.0.1.tgz",
      "integrity": "sha1-fhu21b7zh0wo45JSaiVBFwKR7s8="
    },
    "path-is-absolute": {
      "version": "1.0.1",
      "resolved": "https://registry.npmjs.org/path-is-absolute/-/path-is-absolute-1.0.1.tgz",
      "integrity": "sha1-F0uSaHNVNP+8es5r9TpanhtcX18="
    },
    "pretty": {
      "version": "2.0.0",
      "resolved": "https://registry.npmjs.org/pretty/-/pretty-2.0.0.tgz",
      "integrity": "sha1-rbx5YLe7/iiaVX3F9zdhmiINBqU=",
      "requires": {
        "condense-newlines": "^0.2.1",
        "extend-shallow": "^2.0.1",
        "js-beautify": "^1.6.12"
      }
    },
    "proto-list": {
      "version": "1.2.4",
      "resolved": "https://registry.npmjs.org/proto-list/-/proto-list-1.2.4.tgz",
      "integrity": "sha1-IS1b/hMYMGpCD2QCuOJv85ZHqEk="
    },
    "pseudomap": {
      "version": "1.0.2",
      "resolved": "https://registry.npmjs.org/pseudomap/-/pseudomap-1.0.2.tgz",
      "integrity": "sha1-8FKijacOYYkX7wqKw0wa5aaChrM="
    },
    "semver": {
      "version": "5.6.0",
      "resolved": "https://registry.npmjs.org/semver/-/semver-5.6.0.tgz",
      "integrity": "sha512-RS9R6R35NYgQn++fkDWaOmqGoj4Ek9gGs+DPxNUZKuwE183xjJroKvyo1IzVFeXvUrvmALy6FWD5xrdJT25gMg=="
    },
    "sigmund": {
      "version": "1.0.1",
      "resolved": "https://registry.npmjs.org/sigmund/-/sigmund-1.0.1.tgz",
      "integrity": "sha1-P/IfGYytIXX587eBhT/ZTQ0ZtZA="
    },
    "typography": {
      "version": "0.16.17",
      "resolved": "https://registry.npmjs.org/typography/-/typography-0.16.17.tgz",
      "integrity": "sha512-9fnPV0g6jDKoIXm5ljs9Ywa5NNZ5Map9FVhEbtcB08dEL3ymgADDTjGExKG4wr8cY7KAFEPnNud0BsvQLPJ++g==",
      "requires": {
        "compass-vertical-rhythm": "^1.4.5",
        "decamelize": "^1.2.0",
        "gray-percentage": "^2.0.0",
        "lodash": "^4.13.1",
        "modularscale": "^1.0.2",
        "object-assign": "^4.1.0",
        "typography-normalize": "^0.14.0"
      }
    },
    "typography-breakpoint-constants": {
      "version": "0.15.10",
      "resolved": "https://registry.npmjs.org/typography-breakpoint-constants/-/typography-breakpoint-constants-0.15.10.tgz",
      "integrity": "sha1-vVMI3VclDn8oqMbhwOZo3fEXjFw="
    },
    "typography-normalize": {
      "version": "0.14.0",
      "resolved": "http://registry.npmjs.org/typography-normalize/-/typography-normalize-0.14.0.tgz",
      "integrity": "sha1-HXfB/iqvSlGzZzxMhchaZaLUtXM="
    },
    "typography-theme-lincoln": {
      "version": "0.15.11",
      "resolved": "https://registry.npmjs.org/typography-theme-lincoln/-/typography-theme-lincoln-0.15.11.tgz",
      "integrity": "sha512-82vwJXaYzSOdtMNka+m8OXn6Gp+KUAtmYrruO3OxjuiA77YuUucki2yZ2qIXQMFkgmB+FL3Nv8bS9FlW76zRWg==",
      "requires": {
        "gray-percentage": "^2.0.0",
        "typography-breakpoint-constants": "^0.15.10"
      }
    },
    "universalify": {
      "version": "0.1.2",
      "resolved": "https://registry.npmjs.org/universalify/-/universalify-0.1.2.tgz",
      "integrity": "sha512-rBJeI5CXAlmy1pV+617WB9J63U6XcazHHF2f2dbJix4XzpUF0RS3Zbj0FGIOCAva5P/d/GBOYaACQ1w+0azUkg=="
    },
    "wrappy": {
      "version": "1.0.2",
      "resolved": "https://registry.npmjs.org/wrappy/-/wrappy-1.0.2.tgz",
      "integrity": "sha1-tSQ9jz7BqjXxNkYFvA0QNuMKtp8="
    },
    "yallist": {
      "version": "2.1.2",
      "resolved": "https://registry.npmjs.org/yallist/-/yallist-2.1.2.tgz",
      "integrity": "sha1-HBH5IY8HYImkfdUS+TxmmaaoHVI="
    }
  }
}
